lockfileVersion: '6.1'

settings:
  autoInstallPeers: true
  excludeLinksFromLockfile: false

dependencies:
  xdg-app-paths:
    specifier: ^8.3.0
    version: 8.3.0

devDependencies:
  '@types/node':
    specifier: ^20.3.1
    version: 20.3.1
  esbuild:
    specifier: ^0.18.5
    version: 0.18.5

packages:

  /@esbuild/android-arm64@0.18.5:
    resolution: {integrity: sha512-410IPUj7ZOxZ2dwK0B7o7Nibu7YEyaLBvYOfYBpuA1TpY0fOkDM5r4bwn+hT8Uma06DBI4RnYNN09fn55PYInQ==}
    engines: {node: '>=12'}
    cpu: [arm64]
    os: [android]
    requiresBuild: true
    dev: true
    optional: true

  /@esbuild/android-arm@0.18.5:
    resolution: {integrity: sha512-+8GXQzuASxGg/rb47Z5zJe3vjOfL7RRce/DILuk6kbB/8HO0p3CPo72CbR349P2K8YP1h5NvNqU+2GDRbNJylw==}
    engines: {node: '>=12'}
    cpu: [arm]
    os: [android]
    requiresBuild: true
    dev: true
    optional: true

  /@esbuild/android-x64@0.18.5:
    resolution: {integrity: sha512-+fdfceCYwcz9OReheSWYOGaAAt03n0BnG5/UW9tyGyo15PjSOF14ylxfjvz+0atDx0S/RxyezMsH/mbnWhnC8w==}
    engines: {node: '>=12'}
    cpu: [x64]
    os: [android]
    requiresBuild: true
    dev: true
    optional: true

  /@esbuild/darwin-arm64@0.18.5:
    resolution: {integrity: sha512-L7noeTaus5xEtgd5J7u/lGrZfSiYkvZb0gOD7rvKTuuWbdGM4bunz5DUFsWBbEIlloslpOO5PDy4Hnd6mZT20A==}
    engines: {node: '>=12'}
    cpu: [arm64]
    os: [darwin]
    requiresBuild: true
    dev: true
    optional: true

  /@esbuild/darwin-x64@0.18.5:
    resolution: {integrity: sha512-eA39B8SxbxRdSSILD4AsePzvJiVao6ZaYrcTOJqg89jnnMEGR/EAh+ehV7E4GOx4WXQoWeJRP1P9JQSzIrROeg==}
    engines: {node: '>=12'}
    cpu: [x64]
    os: [darwin]
    requiresBuild: true
    dev: true
    optional: true

  /@esbuild/freebsd-arm64@0.18.5:
    resolution: {integrity: sha512-Eg1UnkTZHfsphgcy1Wj/McNModSO/F+kqtWqvtvEZc9BAgvdwxAt11BESgBczU+Gti0G2dLvHs0Sfb3gavwhGg==}
    engines: {node: '>=12'}
    cpu: [arm64]
    os: [freebsd]
    requiresBuild: true
    dev: true
    optional: true

  /@esbuild/freebsd-x64@0.18.5:
    resolution: {integrity: sha512-GNTMSJ55gl7Tf5VUqVRkMJhRGzH6vI9vFBfZCj4Zjm7RgfXCWxLnTyjMgZZKT8pOzW40KD2KlrGbqwnnJWyGWw==}
    engines: {node: '>=12'}
    cpu: [x64]
    os: [freebsd]
    requiresBuild: true
    dev: true
    optional: true

  /@esbuild/linux-arm64@0.18.5:
    resolution: {integrity: sha512-r08LmhqyPRj6FtuNPBTu8BliKh6h+oNEhMkWmmR/aWs4DWjDOivyDfLGznPdgtSThL23fk1QgSBUEbuCIzjA2A==}
    engines: {node: '>=12'}
    cpu: [arm64]
    os: [linux]
    requiresBuild: true
    dev: true
    optional: true

  /@esbuild/linux-arm@0.18.5:
    resolution: {integrity: sha512-6R+vEIyfEvp+gOWKSc+m6hdnhWKQYzicqONQYiDGT6qepc6OGsLEZcyFwoz6BvFx5j233CBWMcJ69eXFrwXw9A==}
    engines: {node: '>=12'}
    cpu: [arm]
    os: [linux]
    requiresBuild: true
    dev: true
    optional: true

  /@esbuild/linux-ia32@0.18.5:
    resolution: {integrity: sha512-ph6M9iEMc6BHgv2XuIE8qeQrQCH+2l116c8L9ysmmXYwpNXa3E7JNIu/O7hI0I9qDvh1P19AGbIh+/y0GAZijA==}
    engines: {node: '>=12'}
    cpu: [ia32]
    os: [linux]
    requiresBuild: true
    dev: true
    optional: true

  /@esbuild/linux-loong64@0.18.5:
    resolution: {integrity: sha512-s6Nup5FMQ8R8OKJG2rSxtV40s8LRdfC73XGHGaFlGiC+2SeCyq4dl3MMfLdzLowYzyDjfc4GRrXWUNMX3kNxYA==}
    engines: {node: '>=12'}
    cpu: [loong64]
    os: [linux]
    requiresBuild: true
    dev: true
    optional: true

  /@esbuild/linux-mips64el@0.18.5:
    resolution: {integrity: sha512-DxW4nNDIGbivZxnJD01C5PlwKPpin8YgSwWtToCy4w4lNigT7Iaf5A+wcPT2laibdgbcgPKpPOXUg6RFGTt8xA==}
    engines: {node: '>=12'}
    cpu: [mips64el]
    os: [linux]
    requiresBuild: true
    dev: true
    optional: true

  /@esbuild/linux-ppc64@0.18.5:
    resolution: {integrity: sha512-BksOs2uYTafS+u75QiN4RoLbEMNjE192adJCBalncI3E2PWyR2i1kEs9rEghHK7pw0SD0uWgV9otRmV7G5b2lQ==}
    engines: {node: '>=12'}
    cpu: [ppc64]
    os: [linux]
    requiresBuild: true
    dev: true
    optional: true

  /@esbuild/linux-riscv64@0.18.5:
    resolution: {integrity: sha512-mGv8BOJXsV7bZyjyMdeDs55CDXZ5vrY3oKa58DNRz2vPn54dREyj4BhhyWuqSuzSURJhFg7pM/1fI2vnAHGkHw==}
    engines: {node: '>=12'}
    cpu: [riscv64]
    os: [linux]
    requiresBuild: true
    dev: true
    optional: true

  /@esbuild/linux-s390x@0.18.5:
    resolution: {integrity: sha512-m4uIYyrl5znGnNHgiM/Zsw6I9Se513NqdTxeUxZ66/VDWbuUp8ACe1KOSpwF4NNxfYy6Q3W8beZsIdF4F85q8Q==}
    engines: {node: '>=12'}
    cpu: [s390x]
    os: [linux]
    requiresBuild: true
    dev: true
    optional: true

  /@esbuild/linux-x64@0.18.5:
    resolution: {integrity: sha512-R1C7X30YjXmOZYOzx4dJ/QvRNfrkK/sDCFfcGNhlHFX6B/iodJdk81h7EhnKVUQy+3BaARxF7udd91iSSzMlbQ==}
    engines: {node: '>=12'}
    cpu: [x64]
    os: [linux]
    requiresBuild: true
    dev: true
    optional: true

  /@esbuild/netbsd-x64@0.18.5:
    resolution: {integrity: sha512-MABnKzjMcXjO0NEYyexOhqjcrgM6dE8BXnm+lctm2x2aPpYg5iL0Ew3aABSTZyp9dS3Z4VzFu5PPoOYEw8akTQ==}
    engines: {node: '>=12'}
    cpu: [x64]
    os: [netbsd]
    requiresBuild: true
    dev: true
    optional: true

  /@esbuild/openbsd-x64@0.18.5:
    resolution: {integrity: sha512-aU7R0tLIUMaQuAgBjKrq02Z98rcY9Pxk76hynSqcGeld2C/ro1uBbS2i9rh7vdwBAY0rG08Og4wnDnlx5rU+fQ==}
    engines: {node: '>=12'}
    cpu: [x64]
    os: [openbsd]
    requiresBuild: true
    dev: true
    optional: true

  /@esbuild/sunos-x64@0.18.5:
    resolution: {integrity: sha512-ngm3fVv2VxufI8zH/Phk0mYkgvFjFGnS+l7uxxd20mmeLTNI/8OXDJpNqTUbvzJh3tqhI/Gof0N2+5xJbqEaxA==}
    engines: {node: '>=12'}
    cpu: [x64]
    os: [sunos]
    requiresBuild: true
    dev: true
    optional: true

  /@esbuild/win32-arm64@0.18.5:
    resolution: {integrity: sha512-XqpS89+MGLzR8YtQQkBYsLCfAv1ySflMb+FEH99rOp6kOPv/ORO+ujEB5ICDBZZbvYqB75uFrNELo1BVEQbS3g==}
    engines: {node: '>=12'}
    cpu: [arm64]
    os: [win32]
    requiresBuild: true
    dev: true
    optional: true

  /@esbuild/win32-ia32@0.18.5:
    resolution: {integrity: sha512-V3xj/nb9uie0I4mn1f8nPZSgHldtNJrqTKYjTyMPMBnHbMYF5Loz8ZHsp7+La8kI6NxIF1ClQ9XBV+G3RtSkww==}
    engines: {node: '>=12'}
    cpu: [ia32]
    os: [win32]
    requiresBuild: true
    dev: true
    optional: true

  /@esbuild/win32-x64@0.18.5:
    resolution: {integrity: sha512-gMxWvQeTQWDpa8ExPP41al+Ho7HyK24h7y41JdGKqE24KzXXQPxESUtrCoIES+HwF+OGq2smtibU9UvZ8WH3JQ==}
    engines: {node: '>=12'}
    cpu: [x64]
    os: [win32]
    requiresBuild: true
    dev: true
    optional: true

  /@types/node@20.3.1:
    resolution: {integrity: sha512-EhcH/wvidPy1WeML3TtYFGR83UzjxeWRen9V402T8aUGYsCHOmfoisV3ZSg03gAFIbLq8TnWOJ0f4cALtnSEUg==}
    dev: true

  /esbuild@0.18.5:
    resolution: {integrity: sha512-ztF1Z53Mc8ijEo1ZWFduHZXIqRWufo76JHm1ikvhGjIzO1mj84LdKXSGmRzahfgvWSwky48MkT+o5yUIkQtDPA==}
    engines: {node: '>=12'}
    hasBin: true
    requiresBuild: true
    optionalDependencies:
      '@esbuild/android-arm': 0.18.5
      '@esbuild/android-arm64': 0.18.5
      '@esbuild/android-x64': 0.18.5
      '@esbuild/darwin-arm64': 0.18.5
      '@esbuild/darwin-x64': 0.18.5
      '@esbuild/freebsd-arm64': 0.18.5
      '@esbuild/freebsd-x64': 0.18.5
      '@esbuild/linux-arm': 0.18.5
      '@esbuild/linux-arm64': 0.18.5
      '@esbuild/linux-ia32': 0.18.5
      '@esbuild/linux-loong64': 0.18.5
      '@esbuild/linux-mips64el': 0.18.5
      '@esbuild/linux-ppc64': 0.18.5
      '@esbuild/linux-riscv64': 0.18.5
      '@esbuild/linux-s390x': 0.18.5
      '@esbuild/linux-x64': 0.18.5
      '@esbuild/netbsd-x64': 0.18.5
      '@esbuild/openbsd-x64': 0.18.5
      '@esbuild/sunos-x64': 0.18.5
      '@esbuild/win32-arm64': 0.18.5
      '@esbuild/win32-ia32': 0.18.5
      '@esbuild/win32-x64': 0.18.5
    dev: true

  /fsevents@2.3.2:
    resolution: {integrity: sha512-xiqMQR4xAeHTuB9uWm+fFRcIOgKBMiOBP+eXiyT7jsgVCq1bkVygt00oASowB7EdtpOHaaPgKt812P9ab+DDKA==}
    engines: {node: ^8.16.0 || ^10.6.0 || >=11.0.0}
    os: [darwin]
    requiresBuild: true
    dev: false
    optional: true

  /os-paths@7.4.0:
    resolution: {integrity: sha512-Ux1J4NUqC6tZayBqLN1kUlDAEvLiQlli/53sSddU4IN+h+3xxnv2HmRSMpVSvr1hvJzotfMs3ERvETGK+f4OwA==}
    engines: {node: '>= 4.0'}
    optionalDependencies:
      fsevents: 2.3.2
    dev: false

  /xdg-app-paths@8.3.0:
    resolution: {integrity: sha512-mgxlWVZw0TNWHoGmXq+NC3uhCIc55dDpAlDkMQUaIAcQzysb0kxctwv//fvuW61/nAAeUBJMQ8mnZjMmuYwOcQ==}
    engines: {node: '>= 4.0'}
    dependencies:
      xdg-portable: 10.6.0
    optionalDependencies:
      fsevents: 2.3.2
    dev: false

  /xdg-portable@10.6.0:
    resolution: {integrity: sha512-xrcqhWDvtZ7WLmt8G4f3hHy37iK7D2idtosRgkeiSPZEPmBShp0VfmRBLWAPC6zLF48APJ21yfea+RfQMF4/Aw==}
    engines: {node: '>= 4.0'}
    dependencies:
      os-paths: 7.4.0
    optionalDependencies:
      fsevents: 2.3.2
    dev: false
